
Microsoft Visual Studio Solution File, Format Version 11.00
# Visual Studio 2010
Project("{FAE04EC0-301F-11D3-BF4B-00C04F79EFBC}") = "MultiplySets", "MultiplySets\MultiplySets.csproj", "{5C693FFC-6B4E-4C2F-95D0-F0C0B9E5DEBD}"
EndProject
Global
	GlobalSection(SolutionConfigurationPlatforms) = preSolution
		Debug|x86 = Debug|x86
		Release|x86 = Release|x86
	EndGlobalSection
	GlobalSection(ProjectConfigurationPlatforms) = postSolution
		{5C693FFC-6B4E-4C2F-95D0-F0C0B9E5DEBD}.Debug|x86.ActiveCfg = Debug|x86
		{5C693FFC-6B4E-4C2F-95D0-F0C0B9E5DEBD}.Debug|x86.Build.0 = Debug|x86
		{5C693FFC-6B4E-4C2F-95D0-F0C0B9E5DEBD}.Release|x86.ActiveCfg = Release|x86
		{5C693FFC-6B4E-4C2F-95D0-F0C0B9E5DEBD}.Release|x86.Build.0 = Release|x86
	EndGlobalSection
	GlobalSection(SolutionProperties) = preSolution
		HideSolutionNode = FALSE
	EndGlobalSection
EndGlobal
